// !$*UTF8*$!
{
	archiveVersion = 1;
	classes = {
	};
	objectVersion = 50;
	objects = {

/* Begin PBXBuildFile section */
		C74660E6250B6DEB00F20F7E /* AppDelegate.swift in Sources */ = {isa = PBXBuildFile; fileRef = C74660E5250B6DEB00F20F7E /* AppDelegate.swift */; };
		C74660E8250B6DEB00F20F7E /* SceneDelegate.swift in Sources */ = {isa = PBXBuildFile; fileRef = C74660E7250B6DEB00F20F7E /* SceneDelegate.swift */; };
		C74660EA250B6DEB00F20F7E /* EmojiArtDocumentView.swift in Sources */ = {isa = PBXBuildFile; fileRef = C74660E9250B6DEB00F20F7E /* EmojiArtDocumentView.swift */; };
		C74660EC250B6DEC00F20F7E /* Assets.xcassets in Resources */ = {isa = PBXBuildFile; fileRef = C74660EB250B6DEC00F20F7E /* Assets.xcassets */; };
		C74660EF250B6DEC00F20F7E /* Preview Assets.xcassets in Resources */ = {isa = PBXBuildFile; fileRef = C74660EE250B6DEC00F20F7E /* Preview Assets.xcassets */; };
		C74660F2250B6DEC00F20F7E /* LaunchScreen.storyboard in Resources */ = {isa = PBXBuildFile; fileRef = C74660F0250B6DEC00F20F7E /* LaunchScreen.storyboard */; };
		C74660FA250B6E1E00F20F7E /* EmojiArtDocument.swift in Sources */ = {isa = PBXBuildFile; fileRef = C74660F9250B6E1E00F20F7E /* EmojiArtDocument.swift */; };
		C74660FC250B750E00F20F7E /* EmojiArt.swift in Sources */ = {isa = PBXBuildFile; fileRef = C74660FB250B750E00F20F7E /* EmojiArt.swift */; };
		C74660FE250B7AAE00F20F7E /* EmojiArtExtensions.swift in Sources */ = {isa = PBXBuildFile; fileRef = C74660FD250B7AAE00F20F7E /* EmojiArtExtensions.swift */; };
		C79F13D4250C2B7C0099FB87 /* OptionalImage.swift in Sources */ = {isa = PBXBuildFile; fileRef = C79F13D3250C2B7C0099FB87 /* OptionalImage.swift */; };
		C79F13D6250C4D8F0099FB87 /* AnimatableSystemFontModifier.swift in Sources */ = {isa = PBXBuildFile; fileRef = C79F13D5250C4D8F0099FB87 /* AnimatableSystemFontModifier.swift */; };
		C7EFD3F5250DD890005BED78 /* Spinning.swift in Sources */ = {isa = PBXBuildFile; fileRef = C7EFD3F4250DD890005BED78 /* Spinning.swift */; };
		C7EFD3F7250DEC04005BED78 /* PaletteChooser.swift in Sources */ = {isa = PBXBuildFile; fileRef = C7EFD3F6250DEC04005BED78 /* PaletteChooser.swift */; };
		C7EFD3F9250DF4A7005BED78 /* EmojiArtDocument+Palette.swift in Sources */ = {isa = PBXBuildFile; fileRef = C7EFD3F8250DF4A7005BED78 /* EmojiArtDocument+Palette.swift */; };
/* End PBXBuildFile section */

/* Begin PBXFileReference section */
		C74660E2250B6DEB00F20F7E /* Emoji Art.app */ = {isa = PBXFileReference; explicitFileType = wrapper.application; includeInIndex = 0; path = "Emoji Art.app"; sourceTree = BUILT_PRODUCTS_DIR; };
		C74660E5250B6DEB00F20F7E /* AppDelegate.swift */ = {isa = PBXFileReference; lastKnownFileType = sourcecode.swift; path = AppDelegate.swift; sourceTree = "<group>"; };
		C74660E7250B6DEB00F20F7E /* SceneDelegate.swift */ = {isa = PBXFileReference; lastKnownFileType = sourcecode.swift; path = SceneDelegate.swift; sourceTree = "<group>"; };
		C74660E9250B6DEB00F20F7E /* EmojiArtDocumentView.swift */ = {isa = PBXFileReference; lastKnownFileType = sourcecode.swift; path = EmojiArtDocumentView.swift; sourceTree = "<group>"; };
		C74660EB250B6DEC00F20F7E /* Assets.xcassets */ = {isa = PBXFileReference; lastKnownFileType = folder.assetcatalog; path = Assets.xcassets; sourceTree = "<group>"; };
		C74660EE250B6DEC00F20F7E /* Preview Assets.xcassets */ = {isa = PBXFileReference; lastKnownFileType = folder.assetcatalog; path = "Preview Assets.xcassets"; sourceTree = "<group>"; };
		C74660F1250B6DEC00F20F7E /* Base */ = {isa = PBXFileReference; lastKnownFileType = file.storyboard; name = Base; path = Base.lproj/LaunchScreen.storyboard; sourceTree = "<group>"; };
		C74660F3250B6DEC00F20F7E /* Info.plist */ = {isa = PBXFileReference; lastKnownFileType = text.plist.xml; path = Info.plist; sourceTree = "<group>"; };
		C74660F9250B6E1E00F20F7E /* EmojiArtDocument.swift */ = {isa = PBXFileReference; lastKnownFileType = sourcecode.swift; path = EmojiArtDocument.swift; sourceTree = SOURCE_ROOT; };
		C74660FB250B750E00F20F7E /* EmojiArt.swift */ = {isa = PBXFileReference; lastKnownFileType = sourcecode.swift; path = EmojiArt.swift; sourceTree = "<group>"; };
		C74660FD250B7AAE00F20F7E /* EmojiArtExtensions.swift */ = {isa = PBXFileReference; fileEncoding = 4; lastKnownFileType = sourcecode.swift; path = EmojiArtExtensions.swift; sourceTree = "<group>"; };
		C79F13D3250C2B7C0099FB87 /* OptionalImage.swift */ = {isa = PBXFileReference; lastKnownFileType = sourcecode.swift; path = OptionalImage.swift; sourceTree = "<group>"; };
		C79F13D5250C4D8F0099FB87 /* AnimatableSystemFontModifier.swift */ = {isa = PBXFileReference; fileEncoding = 4; lastKnownFileType = sourcecode.swift; path = AnimatableSystemFontModifier.swift; sourceTree = "<group>"; };
		C7EFD3F4250DD890005BED78 /* Spinning.swift */ = {isa = PBXFileReference; lastKnownFileType = sourcecode.swift; path = Spinning.swift; sourceTree = "<group>"; };
		C7EFD3F6250DEC04005BED78 /* PaletteChooser.swift */ = {isa = PBXFileReference; lastKnownFileType = sourcecode.swift; path = PaletteChooser.swift; sourceTree = "<group>"; };
		C7EFD3F8250DF4A7005BED78 /* EmojiArtDocument+Palette.swift */ = {isa = PBXFileReference; fileEncoding = 4; lastKnownFileType = sourcecode.swift; path = "EmojiArtDocument+Palette.swift"; sourceTree = "<group>"; };
/* End PBXFileReference section */

/* Begin PBXFrameworksBuildPhase section */
		C74660DF250B6DEB00F20F7E /* Frameworks */ = {
			isa = PBXFrameworksBuildPhase;
			buildActionMask = 2147483647;
			files = (
			);
			runOnlyForDeploymentPostprocessing = 0;
		};
/* End PBXFrameworksBuildPhase section */

/* Begin PBXGroup section */
		C74660D9250B6DEB00F20F7E = {
			isa = PBXGroup;
			children = (
				C74660E4250B6DEB00F20F7E /* EmojiArt */,
				C74660E3250B6DEB00F20F7E /* Products */,
			);
			sourceTree = "<group>";
		};
		C74660E3250B6DEB00F20F7E /* Products */ = {
			isa = PBXGroup;
			children = (
				C74660E2250B6DEB00F20F7E /* Emoji Art.app */,
			);
			name = Products;
			sourceTree = "<group>";
		};
		C74660E4250B6DEB00F20F7E /* EmojiArt */ = {
			isa = PBXGroup;
			children = (
				C74660FB250B750E00F20F7E /* EmojiArt.swift */,
				C74660F9250B6E1E00F20F7E /* EmojiArtDocument.swift */,
				C7EFD3F6250DEC04005BED78 /* PaletteChooser.swift */,
				C74660E9250B6DEB00F20F7E /* EmojiArtDocumentView.swift */,
				C7EFD3F8250DF4A7005BED78 /* EmojiArtDocument+Palette.swift */,
				C7EFD3F4250DD890005BED78 /* Spinning.swift */,
				C79F13D3250C2B7C0099FB87 /* OptionalImage.swift */,
				C79F13D5250C4D8F0099FB87 /* AnimatableSystemFontModifier.swift */,
				C74660FD250B7AAE00F20F7E /* EmojiArtExtensions.swift */,
				C74660E5250B6DEB00F20F7E /* AppDelegate.swift */,
				C74660E7250B6DEB00F20F7E /* SceneDelegate.swift */,
				C74660EB250B6DEC00F20F7E /* Assets.xcassets */,
				C74660F0250B6DEC00F20F7E /* LaunchScreen.storyboard */,
				C74660F3250B6DEC00F20F7E /* Info.plist */,
				C74660ED250B6DEC00F20F7E /* Preview Content */,
			);
			path = EmojiArt;
			sourceTree = "<group>";
		};
		C74660ED250B6DEC00F20F7E /* Preview Content */ = {
			isa = PBXGroup;
			children = (
				C74660EE250B6DEC00F20F7E /* Preview Assets.xcassets */,
			);
			path = "Preview Content";
			sourceTree = "<group>";
		};
/* End PBXGroup section */

/* Begin PBXNativeTarget section */
		C74660E1250B6DEB00F20F7E /* EmojiArt */ = {
			isa = PBXNativeTarget;
			buildConfigurationList = C74660F6250B6DEC00F20F7E /* Build configuration list for PBXNativeTarget "EmojiArt" */;
			buildPhases = (
				C74660DE250B6DEB00F20F7E /* Sources */,
				C74660DF250B6DEB00F20F7E /* Frameworks */,
				C74660E0250B6DEB00F20F7E /* Resources */,
			);
			buildRules = (
			);
			dependencies = (
			);
			name = EmojiArt;
			productName = EmojiArt;
			productReference = C74660E2250B6DEB00F20F7E /* Emoji Art.app */;
			productType = "com.apple.product-type.application";
		};
/* End PBXNativeTarget section */

/* Begin PBXProject section */
		C74660DA250B6DEB00F20F7E /* Project object */ = {
			isa = PBXProject;
			attributes = {
				LastSwiftUpdateCheck = 1150;
				LastUpgradeCheck = 1150;
				ORGANIZATIONNAME = "Manpreet Sokhi";
				TargetAttributes = {
					C74660E1250B6DEB00F20F7E = {
						CreatedOnToolsVersion = 11.5;
					};
				};
			};
			buildConfigurationList = C74660DD250B6DEB00F20F7E /* Build configuration list for PBXProject "EmojiArt" */;
			compatibilityVersion = "Xcode 9.3";
			developmentRegion = en;
			hasScannedForEncodings = 0;
			knownRegions = (
				en,
				Base,
			);
			mainGroup = C74660D9250B6DEB00F20F7E;
			productRefGroup = C74660E3250B6DEB00F20F7E /* Products */;
			projectDirPath = "";
			projectRoot = "";
			targets = (
				C74660E1250B6DEB00F20F7E /* EmojiArt */,
			);
		};
/* End PBXProject section */

/* Begin PBXResourcesBuildPhase section */
		C74660E0250B6DEB00F20F7E /* Resources */ = {
			isa = PBXResourcesBuildPhase;
			buildActionMask = 2147483647;
			files = (
				C74660F2250B6DEC00F20F7E /* LaunchScreen.storyboard in Resources */,
				C74660EF250B6DEC00F20F7E /* Preview Assets.xcassets in Resources */,
				C74660EC250B6DEC00F20F7E /* Assets.xcassets in Resources */,
			);
			runOnlyForDeploymentPostprocessing = 0;
		};
/* End PBXResourcesBuildPhase section */

/* Begin PBXSourcesBuildPhase section */
		C74660DE250B6DEB00F20F7E /* Sources */ = {
			isa = PBXSourcesBuildPhase;
			buildActionMask = 2147483647;
			files = (
				C74660E6250B6DEB00F20F7E /* AppDelegate.swift in Sources */,
				C74660E8250B6DEB00F20F7E /* SceneDelegate.swift in Sources */,
				C7EFD3F9250DF4A7005BED78 /* EmojiArtDocument+Palette.swift in Sources */,
				C74660FE250B7AAE00F20F7E /* EmojiArtExtensions.swift in Sources */,
				C74660FC250B750E00F20F7E /* EmojiArt.swift in Sources */,
				C74660EA250B6DEB00F20F7E /* EmojiArtDocumentView.swift in Sources */,
				C79F13D4250C2B7C0099FB87 /* OptionalImage.swift in Sources */,
				C7EFD3F5250DD890005BED78 /* Spinning.swift in Sources */,
				C79F13D6250C4D8F0099FB87 /* AnimatableSystemFontModifier.swift in Sources */,
				C74660FA250B6E1E00F20F7E /* EmojiArtDocument.swift in Sources */,
				C7EFD3F7250DEC04005BED78 /* PaletteChooser.swift in Sources */,
			);
			runOnlyForDeploymentPostprocessing = 0;
		};
/* End PBXSourcesBuildPhase section */

/* Begin PBXVariantGroup section */
		C74660F0250B6DEC00F20F7E /* LaunchScreen.storyboard */ = {
			isa = PBXVariantGroup;
			children = (
				C74660F1250B6DEC00F20F7E /* Base */,
			);
			name = LaunchScreen.storyboard;
			sourceTree = "<group>";
		};
/* End PBXVariantGroup section */

/* Begin XCBuildConfiguration section */
		C74660F4250B6DEC00F20F7E /* Debug */ = {
			isa = XCBuildConfiguration;
			buildSettings = {
				ALWAYS_SEARCH_USER_PATHS = NO;
				CLANG_ANALYZER_NONNULL = YES;
				CLANG_ANALYZER_NUMBER_OBJECT_CONVERSION = YES_AGGRESSIVE;
				CLANG_CXX_LANGUAGE_STANDARD = "gnu++14";
				CLANG_CXX_LIBRARY = "libc++";
				CLANG_ENABLE_MODULES = YES;
				CLANG_ENABLE_OBJC_ARC = YES;
				CLANG_ENABLE_OBJC_WEAK = YES;
				CLANG_WARN_BLOCK_CAPTURE_AUTORELEASING = YES;
				CLANG_WARN_BOOL_CONVERSION = YES;
				CLANG_WARN_COMMA = YES;
				CLANG_WARN_CONSTANT_CONVERSION = YES;
				CLANG_WARN_DEPRECATED_OBJC_IMPLEMENTATIONS = YES;
				CLANG_WARN_DIRECT_OBJC_ISA_USAGE = YES_ERROR;
				CLANG_WARN_DOCUMENTATION_COMMENTS = YES;
				CLANG_WARN_EMPTY_BODY = YES;
				CLANG_WARN_ENUM_CONVERSION = YES;
				CLANG_WARN_INFINITE_RECURSION = YES;
				CLANG_WARN_INT_CONVERSION = YES;
				CLANG_WARN_NON_LITERAL_NULL_CONVERSION = YES;
				CLANG_WARN_OBJC_IMPLICIT_RETAIN_SELF = YES;
				CLANG_WARN_OBJC_LITERAL_CONVERSION = YES;
				CLANG_WARN_OBJC_ROOT_CLASS = YES_ERROR;
				CLANG_WARN_RANGE_LOOP_ANALYSIS = YES;
				CLANG_WARN_STRICT_PROTOTYPES = YES;
				CLANG_WARN_SUSPICIOUS_MOVE = YES;
				CLANG_WARN_UNGUARDED_AVAILABILITY = YES_AGGRESSIVE;
				CLANG_WARN_UNREACHABLE_CODE = YES;
				CLANG_WARN__DUPLICATE_METHOD_MATCH = YES;
				COPY_PHASE_STRIP = NO;
				DEBUG_INFORMATION_FORMAT = dwarf;
				ENABLE_STRICT_OBJC_MSGSEND = YES;
				ENABLE_TESTABILITY = YES;
				GCC_C_LANGUAGE_STANDARD = gnu11;
				GCC_DYNAMIC_NO_PIC = NO;
				GCC_NO_COMMON_BLOCKS = YES;
				GCC_OPTIMIZATION_LEVEL = 0;
				GCC_PREPROCESSOR_DEFINITIONS = (
					"DEBUG=1",
					"$(inherited)",
				);
				GCC_WARN_64_TO_32_BIT_CONVERSION = YES;
				GCC_WARN_ABOUT_RETURN_TYPE = YES_ERROR;
				GCC_WARN_UNDECLARED_SELECTOR = YES;
				GCC_WARN_UNINITIALIZED_AUTOS = YES_AGGRESSIVE;
				GCC_WARN_UNUSED_FUNCTION = YES;
				GCC_WARN_UNUSED_VARIABLE = YES;
				IPHONEOS_DEPLOYMENT_TARGET = 13.5;
				MTL_ENABLE_DEBUG_INFO = INCLUDE_SOURCE;
				MTL_FAST_MATH = YES;
				ONLY_ACTIVE_ARCH = YES;
				SDKROOT = iphoneos;
				SWIFT_ACTIVE_COMPILATION_CONDITIONS = DEBUG;
				SWIFT_OPTIMIZATION_LEVEL = "-Onone";
			};
			name = Debug;
		};
		C74660F5250B6DEC00F20F7E /* Release */ = {
			isa = XCBuildConfiguration;
			buildSettings = {
				ALWAYS_SEARCH_USER_PATHS = NO;
				CLANG_ANALYZER_NONNULL = YES;
				CLANG_ANALYZER_NUMBER_OBJECT_CONVERSION = YES_AGGRESSIVE;
				CLANG_CXX_LANGUAGE_STANDARD = "gnu++14";
				CLANG_CXX_LIBRARY = "libc++";
				CLANG_ENABLE_MODULES = YES;
				CLANG_ENABLE_OBJC_ARC = YES;
				CLANG_ENABLE_OBJC_WEAK = YES;
				CLANG_WARN_BLOCK_CAPTURE_AUTORELEASING = YES;
				CLANG_WARN_BOOL_CONVERSION = YES;
				CLANG_WARN_COMMA = YES;
				CLANG_WARN_CONSTANT_CONVERSION = YES;
				CLANG_WARN_DEPRECATED_OBJC_IMPLEMENTATIONS = YES;
				CLANG_WARN_DIRECT_OBJC_ISA_USAGE = YES_ERROR;
				CLANG_WARN_DOCUMENTATION_COMMENTS = YES;
				CLANG_WARN_EMPTY_BODY = YES;
				CLANG_WARN_ENUM_CONVERSION = YES;
				CLANG_WARN_INFINITE_RECURSION = YES;
				CLANG_WARN_INT_CONVERSION = YES;
				CLANG_WARN_NON_LITERAL_NULL_CONVERSION = YES;
				CLANG_WARN_OBJC_IMPLICIT_RETAIN_SELF = YES;
				CLANG_WARN_OBJC_LITERAL_CONVERSION = YES;
				CLANG_WARN_OBJC_ROOT_CLASS = YES_ERROR;
				CLANG_WARN_RANGE_LOOP_ANALYSIS = YES;
				CLANG_WARN_STRICT_PROTOTYPES = YES;
				CLANG_WARN_SUSPICIOUS_MOVE = YES;
				CLANG_WARN_UNGUARDED_AVAILABILITY = YES_AGGRESSIVE;
				CLANG_WARN_UNREACHABLE_CODE = YES;
				CLANG_WARN__DUPLICATE_METHOD_MATCH = YES;
				COPY_PHASE_STRIP = NO;
				DEBUG_INFORMATION_FORMAT = "dwarf-with-dsym";
				ENABLE_NS_ASSERTIONS = NO;
				ENABLE_STRICT_OBJC_MSGSEND = YES;
				GCC_C_LANGUAGE_STANDARD = gnu11;
				GCC_NO_COMMON_BLOCKS = YES;
				GCC_WARN_64_TO_32_BIT_CONVERSION = YES;
				GCC_WARN_ABOUT_RETURN_TYPE = YES_ERROR;
				GCC_WARN_UNDECLARED_SELECTOR = YES;
				GCC_WARN_UNINITIALIZED_AUTOS = YES_AGGRESSIVE;
				GCC_WARN_UNUSED_FUNCTION = YES;
				GCC_WARN_UNUSED_VARIABLE = YES;
				IPHONEOS_DEPLOYMENT_TARGET = 13.5;
				MTL_ENABLE_DEBUG_INFO = NO;
				MTL_FAST_MATH = YES;
				SDKROOT = iphoneos;
				SWIFT_COMPILATION_MODE = wholemodule;
				SWIFT_OPTIMIZATION_LEVEL = "-O";
				VALIDATE_PRODUCT = YES;
			};
			name = Release;
		};
		C74660F7250B6DEC00F20F7E /* Debug */ = {
			isa = XCBuildConfiguration;
			buildSettings = {
				ASSETCATALOG_COMPILER_APPICON_NAME = AppIcon;
				CODE_SIGN_STYLE = Automatic;
				DEVELOPMENT_ASSET_PATHS = "\"EmojiArt/Preview Content\"";
				DEVELOPMENT_TEAM = W6NHZAVCLF;
				ENABLE_PREVIEWS = YES;
				INFOPLIST_FILE = EmojiArt/Info.plist;
				LD_RUNPATH_SEARCH_PATHS = (
					"$(inherited)",
					"@executable_path/Frameworks",
				);
				PRODUCT_BUNDLE_IDENTIFIER = com.manpreetsokhi.EmojiArt;
				PRODUCT_NAME = "Emoji Art";
				SWIFT_VERSION = 5.0;
				TARGETED_DEVICE_FAMILY = "1,2";
			};
			name = Debug;
		};
		C74660F8250B6DEC00F20F7E /* Release */ = {
			isa = XCBuildConfiguration;
			buildSettings = {
				ASSETCATALOG_COMPILER_APPICON_NAME = AppIcon;
				CODE_SIGN_STYLE = Automatic;
				DEVELOPMENT_ASSET_PATHS = "\"EmojiArt/Preview Content\"";
				DEVELOPMENT_TEAM = W6NHZAVCLF;
				ENABLE_PREVIEWS = YES;
				INFOPLIST_FILE = EmojiArt/Info.plist;
				LD_RUNPATH_SEARCH_PATHS = (
					"$(inherited)",
					"@executable_path/Frameworks",
				);
				PRODUCT_BUNDLE_IDENTIFIER = com.manpreetsokhi.EmojiArt;
				PRODUCT_NAME = "Emoji Art";
				SWIFT_VERSION = 5.0;
				TARGETED_DEVICE_FAMILY = "1,2";
			};
			name = Release;
		};
/* End XCBuildConfiguration section */

/* Begin XCConfigurationList section */
		C74660DD250B6DEB00F20F7E /* Build configuration list for PBXProject "EmojiArt" */ = {
			isa = XCConfigurationList;
			buildConfigurations = (
				C74660F4250B6DEC00F20F7E /* Debug */,
				C74660F5250B6DEC00F20F7E /* Release */,
			);
			defaultConfigurationIsVisible = 0;
			defaultConfigurationName = Release;
		};
		C74660F6250B6DEC00F20F7E /* Build configuration list for PBXNativeTarget "EmojiArt" */ = {
			isa = XCConfigurationList;
			buildConfigurations = (
				C74660F7250B6DEC00F20F7E /* Debug */,
				C74660F8250B6DEC00F20F7E /* Release */,
			);
			defaultConfigurationIsVisible = 0;
			defaultConfigurationName = Release;
		};
/* End XCConfigurationList section */
	};
	rootObject = C74660DA250B6DEB00F20F7E /* Project object */;
}
